{
  "name": "miniprogram-ts-less-quickstart",
  "version": "1.0.0",
  "lockfileVersion": 2,
  "requires": true,
  "packages": {
    "": {
      "name": "miniprogram-ts-less-quickstart",
      "version": "1.0.0",
      "dependencies": {
        "hy-event-store": "^1.2.1",
        "moment": "^2.29.3"
      },
      "devDependencies": {
        "miniprogram-api-typings": "^2.12.0"
      }
    },
    "node_modules/hy-event-store": {
      "version": "1.2.1",
      "resolved": "https://registry.npmmirror.com/hy-event-store/-/hy-event-store-1.2.1.tgz",
      "integrity": "sha512-viMS7Zj1VmFgkAENrJr0lMV29FWzaSgLg1gTcZ+WJXuPO+SOhehWqALoJIDGms02qG+tO+++VsPkgD0rXlAikA=="
    },
    "node_modules/miniprogram-api-typings": {
      "version": "2.12.0",
      "resolved": "https://registry.npmmirror.com/miniprogram-api-typings/download/miniprogram-api-typings-2.12.0.tgz",
      "integrity": "sha1-einJDz5e+jZYhCLR8B4i0zlKqqE=",
      "dev": true
    },
    "node_modules/moment": {
      "version": "2.29.3",
      "resolved": "https://registry.npmmirror.com/moment/-/moment-2.29.3.tgz",
      "integrity": "sha512-c6YRvhEo//6T2Jz/vVtYzqBzwvPT95JBQ+smCytzf7c50oMZRsR/a4w88aD34I+/QVSfnoAnSBFPJHItlOMJVw==",
      "engines": {
        "node": "*"
      }
    }
  },
  "dependencies": {
    "hy-event-store": {
      "version": "1.2.1",
      "resolved": "https://registry.npmmirror.com/hy-event-store/-/hy-event-store-1.2.1.tgz",
      "integrity": "sha512-viMS7Zj1VmFgkAENrJr0lMV29FWzaSgLg1gTcZ+WJXuPO+SOhehWqALoJIDGms02qG+tO+++VsPkgD0rXlAikA=="
    },
    "miniprogram-api-typings": {
      "version": "2.12.0",
      "resolved": "https://registry.npmmirror.com/miniprogram-api-typings/download/miniprogram-api-typings-2.12.0.tgz",
      "integrity": "sha1-einJDz5e+jZYhCLR8B4i0zlKqqE=",
      "dev": true
    },
    "moment": {
      "version": "2.29.3",
      "resolved": "https://registry.npmmirror.com/moment/-/moment-2.29.3.tgz",
      "integrity": "sha512-c6YRvhEo//6T2Jz/vVtYzqBzwvPT95JBQ+smCytzf7c50oMZRsR/a4w88aD34I+/QVSfnoAnSBFPJHItlOMJVw=="
    }
  }
}
